
Microsoft Visual Studio Solution File, Format Version 12.00
# Visual Studio Version 16
VisualStudioVersion = 16.0.29519.87
MinimumVisualStudioVersion = 10.0.40219.1
Project("{FAE04EC0-301F-11D3-BF4B-00C04F79EFBC}") = "PsUtilities", "PsUtilities\PsUtilities.csproj", "{B8C11C8F-DE31-4A2A-9DF3-92E3DFA16086}"
EndProject
Global
	GlobalSection(SolutionConfigurationPlatforms) = preSolution
		Debug|Any CPU = Debug|Any CPU
		Release|Any CPU = Release|Any CPU
	EndGlobalSection
	GlobalSection(ProjectConfigurationPlatforms) = postSolution
		{B8C11C8F-DE31-4A2A-9DF3-92E3DFA16086}.Debug|Any CPU.ActiveCfg = Debug|Any CPU
		{B8C11C8F-DE31-4A2A-9DF3-92E3DFA16086}.Debug|Any CPU.Build.0 = Debug|Any CPU
		{B8C11C8F-DE31-4A2A-9DF3-92E3DFA16086}.Release|Any CPU.ActiveCfg = Release|Any CPU
		{B8C11C8F-DE31-4A2A-9DF3-92E3DFA16086}.Release|Any CPU.Build.0 = Release|Any CPU
	EndGlobalSection
	GlobalSection(SolutionProperties) = preSolution
		HideSolutionNode = FALSE
	EndGlobalSection
	GlobalSection(ExtensibilityGlobals) = postSolution
		SolutionGuid = {72914C69-8B4E-4F94-8A60-67D9987B3DFA}
	EndGlobalSection
EndGlobal
